// !$*UTF8*$!
{
	archiveVersion = 1;
	classes = {
	};
	objectVersion = 52;
	objects = {

/* Begin PBXBuildFile section */
		74BDA96526054F1E00CD6427 /* macplotApp.swift in Sources */ = {isa = PBXBuildFile; fileRef = 74BDA96426054F1E00CD6427 /* macplotApp.swift */; };
		74BDA96726054F1E00CD6427 /* ScriptView.swift in Sources */ = {isa = PBXBuildFile; fileRef = 74BDA96626054F1E00CD6427 /* ScriptView.swift */; };
		74BDA96926054F2400CD6427 /* Assets.xcassets in Resources */ = {isa = PBXBuildFile; fileRef = 74BDA96826054F2400CD6427 /* Assets.xcassets */; };
		74BDA96C26054F2400CD6427 /* Preview Assets.xcassets in Resources */ = {isa = PBXBuildFile; fileRef = 74BDA96B26054F2400CD6427 /* Preview Assets.xcassets */; };
		74BDA9782605515700CD6427 /* PythonKit in Frameworks */ = {isa = PBXBuildFile; productRef = 74BDA9772605515700CD6427 /* PythonKit */; };
		74BDA97C260551F900CD6427 /* PythonScript.swift in Sources */ = {isa = PBXBuildFile; fileRef = 74BDA97B260551F900CD6427 /* PythonScript.swift */; };
		74BDA981260562A500CD6427 /* sample.py in Resources */ = {isa = PBXBuildFile; fileRef = 74BDA980260562A500CD6427 /* sample.py */; };
		74BDA9872605AE1800CD6427 /* clear.py in Resources */ = {isa = PBXBuildFile; fileRef = 74BDA9862605AE1800CD6427 /* clear.py */; };
		74BDA98A260611A600CD6427 /* savefig.py in Resources */ = {isa = PBXBuildFile; fileRef = 74BDA989260611A600CD6427 /* savefig.py */; };
		74BDA98E2606195900CD6427 /* sample2.py in Resources */ = {isa = PBXBuildFile; fileRef = 74BDA98D2606195900CD6427 /* sample2.py */; };
		74BDA99526061B5F00CD6427 /* Settings.swift in Sources */ = {isa = PBXBuildFile; fileRef = 74BDA99426061B5F00CD6427 /* Settings.swift */; };
		74BDA99C2606826100CD6427 /* ContentView.swift in Sources */ = {isa = PBXBuildFile; fileRef = 74BDA99B2606826100CD6427 /* ContentView.swift */; };
		74BDA99F26069BCE00CD6427 /* sample3.py in Resources */ = {isa = PBXBuildFile; fileRef = 74BDA99E26069BCE00CD6427 /* sample3.py */; };
		74BDA9A22606E05A00CD6427 /* circle.py in Resources */ = {isa = PBXBuildFile; fileRef = 74BDA9A12606E05A00CD6427 /* circle.py */; };
		74BDA9A52606E21400CD6427 /* flower.py in Resources */ = {isa = PBXBuildFile; fileRef = 74BDA9A42606E21400CD6427 /* flower.py */; };
		74BDA9A82606E50100CD6427 /* piechart.py in Resources */ = {isa = PBXBuildFile; fileRef = 74BDA9A72606E50100CD6427 /* piechart.py */; };
		74BDA9AB260772A700CD6427 /* salaries.py in Resources */ = {isa = PBXBuildFile; fileRef = 74BDA9AA260772A700CD6427 /* salaries.py */; };
		74BDA9AE260799E500CD6427 /* stock.py in Resources */ = {isa = PBXBuildFile; fileRef = 74BDA9AD260799E500CD6427 /* stock.py */; };
		74BDA9B12608272B00CD6427 /* poisson.py in Resources */ = {isa = PBXBuildFile; fileRef = 74BDA9B02608272B00CD6427 /* poisson.py */; };
		74BDA9B4260841B300CD6427 /* b-spline.py in Resources */ = {isa = PBXBuildFile; fileRef = 74BDA9B3260841B300CD6427 /* b-spline.py */; };
		74BDA9B72608464F00CD6427 /* julia.py in Resources */ = {isa = PBXBuildFile; fileRef = 74BDA9B62608464F00CD6427 /* julia.py */; };
		74BDA9BA26084B4100CD6427 /* mandelbrot.py in Resources */ = {isa = PBXBuildFile; fileRef = 74BDA9B926084B4100CD6427 /* mandelbrot.py */; };
		74BDA9BD2608558600CD6427 /* mandelbrot2.py in Resources */ = {isa = PBXBuildFile; fileRef = 74BDA9BC2608558600CD6427 /* mandelbrot2.py */; };
/* End PBXBuildFile section */

/* Begin PBXFileReference section */
		74BDA96126054F1E00CD6427 /* macplot.app */ = {isa = PBXFileReference; explicitFileType = wrapper.application; includeInIndex = 0; path = macplot.app; sourceTree = BUILT_PRODUCTS_DIR; };
		74BDA96426054F1E00CD6427 /* macplotApp.swift */ = {isa = PBXFileReference; lastKnownFileType = sourcecode.swift; path = macplotApp.swift; sourceTree = "<group>"; };
		74BDA96626054F1E00CD6427 /* ScriptView.swift */ = {isa = PBXFileReference; lastKnownFileType = sourcecode.swift; path = ScriptView.swift; sourceTree = "<group>"; };
		74BDA96826054F2400CD6427 /* Assets.xcassets */ = {isa = PBXFileReference; lastKnownFileType = folder.assetcatalog; path = Assets.xcassets; sourceTree = "<group>"; };
		74BDA96B26054F2400CD6427 /* Preview Assets.xcassets */ = {isa = PBXFileReference; lastKnownFileType = folder.assetcatalog; path = "Preview Assets.xcassets"; sourceTree = "<group>"; };
		74BDA96D26054F2400CD6427 /* Info.plist */ = {isa = PBXFileReference; lastKnownFileType = text.plist.xml; path = Info.plist; sourceTree = "<group>"; };
		74BDA96E26054F2400CD6427 /* macplot.entitlements */ = {isa = PBXFileReference; lastKnownFileType = text.plist.entitlements; path = macplot.entitlements; sourceTree = "<group>"; };
		74BDA97B260551F900CD6427 /* PythonScript.swift */ = {isa = PBXFileReference; lastKnownFileType = sourcecode.swift; path = PythonScript.swift; sourceTree = "<group>"; };
		74BDA980260562A500CD6427 /* sample.py */ = {isa = PBXFileReference; fileEncoding = 4; lastKnownFileType = text.script.python; path = sample.py; sourceTree = "<group>"; };
		74BDA9862605AE1800CD6427 /* clear.py */ = {isa = PBXFileReference; fileEncoding = 4; lastKnownFileType = text.script.python; path = clear.py; sourceTree = "<group>"; };
		74BDA989260611A600CD6427 /* savefig.py */ = {isa = PBXFileReference; fileEncoding = 4; lastKnownFileType = text.script.python; path = savefig.py; sourceTree = "<group>"; };
		74BDA98D2606195900CD6427 /* sample2.py */ = {isa = PBXFileReference; fileEncoding = 4; lastKnownFileType = text.script.python; path = sample2.py; sourceTree = "<group>"; };
		74BDA99426061B5F00CD6427 /* Settings.swift */ = {isa = PBXFileReference; lastKnownFileType = sourcecode.swift; path = Settings.swift; sourceTree = "<group>"; };
		74BDA99B2606826100CD6427 /* ContentView.swift */ = {isa = PBXFileReference; lastKnownFileType = sourcecode.swift; path = ContentView.swift; sourceTree = "<group>"; };
		74BDA99E26069BCE00CD6427 /* sample3.py */ = {isa = PBXFileReference; fileEncoding = 4; lastKnownFileType = text.script.python; path = sample3.py; sourceTree = "<group>"; };
		74BDA9A12606E05A00CD6427 /* circle.py */ = {isa = PBXFileReference; fileEncoding = 4; lastKnownFileType = text.script.python; path = circle.py; sourceTree = "<group>"; };
		74BDA9A42606E21400CD6427 /* flower.py */ = {isa = PBXFileReference; fileEncoding = 4; lastKnownFileType = text.script.python; path = flower.py; sourceTree = "<group>"; };
		74BDA9A72606E50100CD6427 /* piechart.py */ = {isa = PBXFileReference; fileEncoding = 4; lastKnownFileType = text.script.python; path = piechart.py; sourceTree = "<group>"; };
		74BDA9AA260772A700CD6427 /* salaries.py */ = {isa = PBXFileReference; fileEncoding = 4; lastKnownFileType = text.script.python; path = salaries.py; sourceTree = "<group>"; };
		74BDA9AD260799E500CD6427 /* stock.py */ = {isa = PBXFileReference; fileEncoding = 4; lastKnownFileType = text.script.python; path = stock.py; sourceTree = "<group>"; };
		74BDA9B02608272B00CD6427 /* poisson.py */ = {isa = PBXFileReference; fileEncoding = 4; lastKnownFileType = text.script.python; path = poisson.py; sourceTree = "<group>"; };
		74BDA9B3260841B300CD6427 /* b-spline.py */ = {isa = PBXFileReference; fileEncoding = 4; lastKnownFileType = text.script.python; path = "b-spline.py"; sourceTree = "<group>"; };
		74BDA9B62608464F00CD6427 /* julia.py */ = {isa = PBXFileReference; fileEncoding = 4; lastKnownFileType = text.script.python; path = julia.py; sourceTree = "<group>"; };
		74BDA9B926084B4100CD6427 /* mandelbrot.py */ = {isa = PBXFileReference; fileEncoding = 4; lastKnownFileType = text.script.python; path = mandelbrot.py; sourceTree = "<group>"; };
		74BDA9BC2608558600CD6427 /* mandelbrot2.py */ = {isa = PBXFileReference; fileEncoding = 4; lastKnownFileType = text.script.python; path = mandelbrot2.py; sourceTree = "<group>"; };
/* End PBXFileReference section */

/* Begin PBXFrameworksBuildPhase section */
		74BDA95E26054F1E00CD6427 /* Frameworks */ = {
			isa = PBXFrameworksBuildPhase;
			buildActionMask = 2147483647;
			files = (
				74BDA9782605515700CD6427 /* PythonKit in Frameworks */,
			);
			runOnlyForDeploymentPostprocessing = 0;
		};
/* End PBXFrameworksBuildPhase section */

/* Begin PBXGroup section */
		74BDA95826054F1E00CD6427 = {
			isa = PBXGroup;
			children = (
				74BDA96326054F1E00CD6427 /* macplot */,
				74BDA96226054F1E00CD6427 /* Products */,
			);
			sourceTree = "<group>";
		};
		74BDA96226054F1E00CD6427 /* Products */ = {
			isa = PBXGroup;
			children = (
				74BDA96126054F1E00CD6427 /* macplot.app */,
			);
			name = Products;
			sourceTree = "<group>";
		};
		74BDA96326054F1E00CD6427 /* macplot */ = {
			isa = PBXGroup;
			children = (
				74BDA96426054F1E00CD6427 /* macplotApp.swift */,
				74BDA99B2606826100CD6427 /* ContentView.swift */,
				74BDA96626054F1E00CD6427 /* ScriptView.swift */,
				74BDA97A260551E200CD6427 /* Models */,
				74BDA96826054F2400CD6427 /* Assets.xcassets */,
				74BDA96D26054F2400CD6427 /* Info.plist */,
				74BDA96E26054F2400CD6427 /* macplot.entitlements */,
				74BDA96A26054F2400CD6427 /* Preview Content */,
				74BDA9842605ADFD00CD6427 /* Scripts */,
			);
			path = macplot;
			sourceTree = "<group>";
		};
		74BDA96A26054F2400CD6427 /* Preview Content */ = {
			isa = PBXGroup;
			children = (
				74BDA96B26054F2400CD6427 /* Preview Assets.xcassets */,
			);
			path = "Preview Content";
			sourceTree = "<group>";
		};
		74BDA97A260551E200CD6427 /* Models */ = {
			isa = PBXGroup;
			children = (
				74BDA97B260551F900CD6427 /* PythonScript.swift */,
				74BDA99426061B5F00CD6427 /* Settings.swift */,
			);
			path = Models;
			sourceTree = "<group>";
		};
		74BDA9842605ADFD00CD6427 /* Scripts */ = {
			isa = PBXGroup;
			children = (
				74BDA980260562A500CD6427 /* sample.py */,
				74BDA98D2606195900CD6427 /* sample2.py */,
				74BDA99E26069BCE00CD6427 /* sample3.py */,
				74BDA9A12606E05A00CD6427 /* circle.py */,
				74BDA9A42606E21400CD6427 /* flower.py */,
				74BDA9B62608464F00CD6427 /* julia.py */,
				74BDA9B926084B4100CD6427 /* mandelbrot.py */,
				74BDA9BC2608558600CD6427 /* mandelbrot2.py */,
				74BDA9B3260841B300CD6427 /* b-spline.py */,
				74BDA9AA260772A700CD6427 /* salaries.py */,
				74BDA9AD260799E500CD6427 /* stock.py */,
				74BDA9B02608272B00CD6427 /* poisson.py */,
				74BDA9A72606E50100CD6427 /* piechart.py */,
				74BDA989260611A600CD6427 /* savefig.py */,
				74BDA9862605AE1800CD6427 /* clear.py */,
			);
			path = Scripts;
			sourceTree = "<group>";
		};
/* End PBXGroup section */

/* Begin PBXNativeTarget section */
		74BDA96026054F1E00CD6427 /* macplot */ = {
			isa = PBXNativeTarget;
			buildConfigurationList = 74BDA97126054F2400CD6427 /* Build configuration list for PBXNativeTarget "macplot" */;
			buildPhases = (
				74BDA95D26054F1E00CD6427 /* Sources */,
				74BDA95E26054F1E00CD6427 /* Frameworks */,
				74BDA95F26054F1E00CD6427 /* Resources */,
			);
			buildRules = (
			);
			dependencies = (
			);
			name = macplot;
			packageProductDependencies = (
				74BDA9772605515700CD6427 /* PythonKit */,
			);
			productName = macplot;
			productReference = 74BDA96126054F1E00CD6427 /* macplot.app */;
			productType = "com.apple.product-type.application";
		};
/* End PBXNativeTarget section */

/* Begin PBXProject section */
		74BDA95926054F1E00CD6427 /* Project object */ = {
			isa = PBXProject;
			attributes = {
				LastSwiftUpdateCheck = 1240;
				LastUpgradeCheck = 1240;
				TargetAttributes = {
					74BDA96026054F1E00CD6427 = {
						CreatedOnToolsVersion = 12.4;
					};
				};
			};
			buildConfigurationList = 74BDA95C26054F1E00CD6427 /* Build configuration list for PBXProject "macplot" */;
			compatibilityVersion = "Xcode 9.3";
			developmentRegion = en;
			hasScannedForEncodings = 0;
			knownRegions = (
				en,
				Base,
			);
			mainGroup = 74BDA95826054F1E00CD6427;
			packageReferences = (
				74BDA9762605515700CD6427 /* XCRemoteSwiftPackageReference "PythonKit" */,
			);
			productRefGroup = 74BDA96226054F1E00CD6427 /* Products */;
			projectDirPath = "";
			projectRoot = "";
			targets = (
				74BDA96026054F1E00CD6427 /* macplot */,
			);
		};
/* End PBXProject section */

/* Begin PBXResourcesBuildPhase section */
		74BDA95F26054F1E00CD6427 /* Resources */ = {
			isa = PBXResourcesBuildPhase;
			buildActionMask = 2147483647;
			files = (
				74BDA96C26054F2400CD6427 /* Preview Assets.xcassets in Resources */,
				74BDA9AB260772A700CD6427 /* salaries.py in Resources */,
				74BDA9B4260841B300CD6427 /* b-spline.py in Resources */,
				74BDA96926054F2400CD6427 /* Assets.xcassets in Resources */,
				74BDA9A22606E05A00CD6427 /* circle.py in Resources */,
				74BDA9A52606E21400CD6427 /* flower.py in Resources */,
				74BDA9A82606E50100CD6427 /* piechart.py in Resources */,
				74BDA9872605AE1800CD6427 /* clear.py in Resources */,
				74BDA9BD2608558600CD6427 /* mandelbrot2.py in Resources */,
				74BDA99F26069BCE00CD6427 /* sample3.py in Resources */,
				74BDA981260562A500CD6427 /* sample.py in Resources */,
				74BDA98A260611A600CD6427 /* savefig.py in Resources */,
				74BDA9B12608272B00CD6427 /* poisson.py in Resources */,
				74BDA9BA26084B4100CD6427 /* mandelbrot.py in Resources */,
				74BDA98E2606195900CD6427 /* sample2.py in Resources */,
				74BDA9B72608464F00CD6427 /* julia.py in Resources */,
				74BDA9AE260799E500CD6427 /* stock.py in Resources */,
			);
			runOnlyForDeploymentPostprocessing = 0;
		};
/* End PBXResourcesBuildPhase section */

/* Begin PBXSourcesBuildPhase section */
		74BDA95D26054F1E00CD6427 /* Sources */ = {
			isa = PBXSourcesBuildPhase;
			buildActionMask = 2147483647;
			files = (
				74BDA96726054F1E00CD6427 /* ScriptView.swift in Sources */,
				74BDA99C2606826100CD6427 /* ContentView.swift in Sources */,
				74BDA96526054F1E00CD6427 /* macplotApp.swift in Sources */,
				74BDA99526061B5F00CD6427 /* Settings.swift in Sources */,
				74BDA97C260551F900CD6427 /* PythonScript.swift in Sources */,
			);
			runOnlyForDeploymentPostprocessing = 0;
		};
/* End PBXSourcesBuildPhase section */

/* Begin XCBuildConfiguration section */
		74BDA96F26054F2400CD6427 /* Debug */ = {
			isa = XCBuildConfiguration;
			buildSettings = {
				ALWAYS_SEARCH_USER_PATHS = NO;
				CLANG_ANALYZER_NONNULL = YES;
				CLANG_ANALYZER_NUMBER_OBJECT_CONVERSION = YES_AGGRESSIVE;
				CLANG_CXX_LANGUAGE_STANDARD = "gnu++14";
				CLANG_CXX_LIBRARY = "libc++";
				CLANG_ENABLE_MODULES = YES;
				CLANG_ENABLE_OBJC_ARC = YES;
				CLANG_ENABLE_OBJC_WEAK = YES;
				CLANG_WARN_BLOCK_CAPTURE_AUTORELEASING = YES;
				CLANG_WARN_BOOL_CONVERSION = YES;
				CLANG_WARN_COMMA = YES;
				CLANG_WARN_CONSTANT_CONVERSION = YES;
				CLANG_WARN_DEPRECATED_OBJC_IMPLEMENTATIONS = YES;
				CLANG_WARN_DIRECT_OBJC_ISA_USAGE = YES_ERROR;
				CLANG_WARN_DOCUMENTATION_COMMENTS = YES;
				CLANG_WARN_EMPTY_BODY = YES;
				CLANG_WARN_ENUM_CONVERSION = YES;
				CLANG_WARN_INFINITE_RECURSION = YES;
				CLANG_WARN_INT_CONVERSION = YES;
				CLANG_WARN_NON_LITERAL_NULL_CONVERSION = YES;
				CLANG_WARN_OBJC_IMPLICIT_RETAIN_SELF = YES;
				CLANG_WARN_OBJC_LITERAL_CONVERSION = YES;
				CLANG_WARN_OBJC_ROOT_CLASS = YES_ERROR;
				CLANG_WARN_QUOTED_INCLUDE_IN_FRAMEWORK_HEADER = YES;
				CLANG_WARN_RANGE_LOOP_ANALYSIS = YES;
				CLANG_WARN_STRICT_PROTOTYPES = YES;
				CLANG_WARN_SUSPICIOUS_MOVE = YES;
				CLANG_WARN_UNGUARDED_AVAILABILITY = YES_AGGRESSIVE;
				CLANG_WARN_UNREACHABLE_CODE = YES;
				CLANG_WARN__DUPLICATE_METHOD_MATCH = YES;
				COPY_PHASE_STRIP = NO;
				DEBUG_INFORMATION_FORMAT = dwarf;
				ENABLE_STRICT_OBJC_MSGSEND = YES;
				ENABLE_TESTABILITY = YES;
				GCC_C_LANGUAGE_STANDARD = gnu11;
				GCC_DYNAMIC_NO_PIC = NO;
				GCC_NO_COMMON_BLOCKS = YES;
				GCC_OPTIMIZATION_LEVEL = 0;
				GCC_PREPROCESSOR_DEFINITIONS = (
					"DEBUG=1",
					"$(inherited)",
				);
				GCC_WARN_64_TO_32_BIT_CONVERSION = YES;
				GCC_WARN_ABOUT_RETURN_TYPE = YES_ERROR;
				GCC_WARN_UNDECLARED_SELECTOR = YES;
				GCC_WARN_UNINITIALIZED_AUTOS = YES_AGGRESSIVE;
				GCC_WARN_UNUSED_FUNCTION = YES;
				GCC_WARN_UNUSED_VARIABLE = YES;
				MACOSX_DEPLOYMENT_TARGET = 11.1;
				MTL_ENABLE_DEBUG_INFO = INCLUDE_SOURCE;
				MTL_FAST_MATH = YES;
				ONLY_ACTIVE_ARCH = YES;
				SDKROOT = macosx;
				SWIFT_ACTIVE_COMPILATION_CONDITIONS = DEBUG;
				SWIFT_OPTIMIZATION_LEVEL = "-Onone";
			};
			name = Debug;
		};
		74BDA97026054F2400CD6427 /* Release */ = {
			isa = XCBuildConfiguration;
			buildSettings = {
				ALWAYS_SEARCH_USER_PATHS = NO;
				CLANG_ANALYZER_NONNULL = YES;
				CLANG_ANALYZER_NUMBER_OBJECT_CONVERSION = YES_AGGRESSIVE;
				CLANG_CXX_LANGUAGE_STANDARD = "gnu++14";
				CLANG_CXX_LIBRARY = "libc++";
				CLANG_ENABLE_MODULES = YES;
				CLANG_ENABLE_OBJC_ARC = YES;
				CLANG_ENABLE_OBJC_WEAK = YES;
				CLANG_WARN_BLOCK_CAPTURE_AUTORELEASING = YES;
				CLANG_WARN_BOOL_CONVERSION = YES;
				CLANG_WARN_COMMA = YES;
				CLANG_WARN_CONSTANT_CONVERSION = YES;
				CLANG_WARN_DEPRECATED_OBJC_IMPLEMENTATIONS = YES;
				CLANG_WARN_DIRECT_OBJC_ISA_USAGE = YES_ERROR;
				CLANG_WARN_DOCUMENTATION_COMMENTS = YES;
				CLANG_WARN_EMPTY_BODY = YES;
				CLANG_WARN_ENUM_CONVERSION = YES;
				CLANG_WARN_INFINITE_RECURSION = YES;
				CLANG_WARN_INT_CONVERSION = YES;
				CLANG_WARN_NON_LITERAL_NULL_CONVERSION = YES;
				CLANG_WARN_OBJC_IMPLICIT_RETAIN_SELF = YES;
				CLANG_WARN_OBJC_LITERAL_CONVERSION = YES;
				CLANG_WARN_OBJC_ROOT_CLASS = YES_ERROR;
				CLANG_WARN_QUOTED_INCLUDE_IN_FRAMEWORK_HEADER = YES;
				CLANG_WARN_RANGE_LOOP_ANALYSIS = YES;
				CLANG_WARN_STRICT_PROTOTYPES = YES;
				CLANG_WARN_SUSPICIOUS_MOVE = YES;
				CLANG_WARN_UNGUARDED_AVAILABILITY = YES_AGGRESSIVE;
				CLANG_WARN_UNREACHABLE_CODE = YES;
				CLANG_WARN__DUPLICATE_METHOD_MATCH = YES;
				COPY_PHASE_STRIP = NO;
				DEBUG_INFORMATION_FORMAT = "dwarf-with-dsym";
				ENABLE_NS_ASSERTIONS = NO;
				ENABLE_STRICT_OBJC_MSGSEND = YES;
				GCC_C_LANGUAGE_STANDARD = gnu11;
				GCC_NO_COMMON_BLOCKS = YES;
				GCC_WARN_64_TO_32_BIT_CONVERSION = YES;
				GCC_WARN_ABOUT_RETURN_TYPE = YES_ERROR;
				GCC_WARN_UNDECLARED_SELECTOR = YES;
				GCC_WARN_UNINITIALIZED_AUTOS = YES_AGGRESSIVE;
				GCC_WARN_UNUSED_FUNCTION = YES;
				GCC_WARN_UNUSED_VARIABLE = YES;
				MACOSX_DEPLOYMENT_TARGET = 11.1;
				MTL_ENABLE_DEBUG_INFO = NO;
				MTL_FAST_MATH = YES;
				SDKROOT = macosx;
				SWIFT_COMPILATION_MODE = wholemodule;
				SWIFT_OPTIMIZATION_LEVEL = "-O";
			};
			name = Release;
		};
		74BDA97226054F2400CD6427 /* Debug */ = {
			isa = XCBuildConfiguration;
			buildSettings = {
				ASSETCATALOG_COMPILER_APPICON_NAME = AppIcon;
				ASSETCATALOG_COMPILER_GLOBAL_ACCENT_COLOR_NAME = AccentColor;
				CODE_SIGN_ENTITLEMENTS = macplot/macplot.entitlements;
				CODE_SIGN_STYLE = Automatic;
				COMBINE_HIDPI_IMAGES = YES;
				DEVELOPMENT_ASSET_PATHS = "\"macplot/Preview Content\"";
				DEVELOPMENT_TEAM = H34BY2CCCD;
				ENABLE_HARDENED_RUNTIME = YES;
				ENABLE_PREVIEWS = YES;
				INFOPLIST_FILE = macplot/Info.plist;
				LD_RUNPATH_SEARCH_PATHS = (
					"$(inherited)",
					"@executable_path/../Frameworks",
				);
				MACOSX_DEPLOYMENT_TARGET = 11.0;
				PRODUCT_BUNDLE_IDENTIFIER = org.singularitysociety.macplot;
				PRODUCT_NAME = "$(TARGET_NAME)";
				SWIFT_VERSION = 5.0;
			};
			name = Debug;
		};
		74BDA97326054F2400CD6427 /* Release */ = {
			isa = XCBuildConfiguration;
			buildSettings = {
				ASSETCATALOG_COMPILER_APPICON_NAME = AppIcon;
				ASSETCATALOG_COMPILER_GLOBAL_ACCENT_COLOR_NAME = AccentColor;
				CODE_SIGN_ENTITLEMENTS = macplot/macplot.entitlements;
				CODE_SIGN_STYLE = Automatic;
				COMBINE_HIDPI_IMAGES = YES;
				DEVELOPMENT_ASSET_PATHS = "\"macplot/Preview Content\"";
				DEVELOPMENT_TEAM = H34BY2CCCD;
				ENABLE_HARDENED_RUNTIME = YES;
				ENABLE_PREVIEWS = YES;
				INFOPLIST_FILE = macplot/Info.plist;
				LD_RUNPATH_SEARCH_PATHS = (
					"$(inherited)",
					"@executable_path/../Frameworks",
				);
				MACOSX_DEPLOYMENT_TARGET = 11.0;
				PRODUCT_BUNDLE_IDENTIFIER = org.singularitysociety.macplot;
				PRODUCT_NAME = "$(TARGET_NAME)";
				SWIFT_VERSION = 5.0;
			};
			name = Release;
		};
/* End XCBuildConfiguration section */

/* Begin XCConfigurationList section */
		74BDA95C26054F1E00CD6427 /* Build configuration list for PBXProject "macplot" */ = {
			isa = XCConfigurationList;
			buildConfigurations = (
				74BDA96F26054F2400CD6427 /* Debug */,
				74BDA97026054F2400CD6427 /* Release */,
			);
			defaultConfigurationIsVisible = 0;
			defaultConfigurationName = Release;
		};
		74BDA97126054F2400CD6427 /* Build configuration list for PBXNativeTarget "macplot" */ = {
			isa = XCConfigurationList;
			buildConfigurations = (
				74BDA97226054F2400CD6427 /* Debug */,
				74BDA97326054F2400CD6427 /* Release */,
			);
			defaultConfigurationIsVisible = 0;
			defaultConfigurationName = Release;
		};
/* End XCConfigurationList section */

/* Begin XCRemoteSwiftPackageReference section */
		74BDA9762605515700CD6427 /* XCRemoteSwiftPackageReference "PythonKit" */ = {
			isa = XCRemoteSwiftPackageReference;
			repositoryURL = "https://github.com/pvieito/PythonKit";
			requirement = {
				branch = master;
				kind = branch;
			};
		};
/* End XCRemoteSwiftPackageReference section */

/* Begin XCSwiftPackageProductDependency section */
		74BDA9772605515700CD6427 /* PythonKit */ = {
			isa = XCSwiftPackageProductDependency;
			package = 74BDA9762605515700CD6427 /* XCRemoteSwiftPackageReference "PythonKit" */;
			productName = PythonKit;
		};
/* End XCSwiftPackageProductDependency section */
	};
	rootObject = 74BDA95926054F1E00CD6427 /* Project object */;
}
